// !$*UTF8*$!
{
	archiveVersion = 1;
	classes = {
	};
	objectVersion = 50;
	objects = {

/* Begin PBXBuildFile section */
		D7C785EE2654BD2200428A40 /* AppDelegate.swift in Sources */ = {isa = PBXBuildFile; fileRef = D7C785ED2654BD2200428A40 /* AppDelegate.swift */; };
		D7C785F02654BD2200428A40 /* SceneDelegate.swift in Sources */ = {isa = PBXBuildFile; fileRef = D7C785EF2654BD2200428A40 /* SceneDelegate.swift */; };
		D7C785F22654BD2200428A40 /* ViewController.swift in Sources */ = {isa = PBXBuildFile; fileRef = D7C785F12654BD2200428A40 /* ViewController.swift */; };
		D7C785F52654BD2200428A40 /* Main.storyboard in Resources */ = {isa = PBXBuildFile; fileRef = D7C785F32654BD2200428A40 /* Main.storyboard */; };
		D7C785F72654BD2300428A40 /* Assets.xcassets in Resources */ = {isa = PBXBuildFile; fileRef = D7C785F62654BD2300428A40 /* Assets.xcassets */; };
		D7C785FA2654BD2300428A40 /* LaunchScreen.storyboard in Resources */ = {isa = PBXBuildFile; fileRef = D7C785F82654BD2300428A40 /* LaunchScreen.storyboard */; };
		D7C786052654BD2300428A40 /* dumbCounterTests.swift in Sources */ = {isa = PBXBuildFile; fileRef = D7C786042654BD2300428A40 /* dumbCounterTests.swift */; };
		D7C786102654BD2300428A40 /* dumbCounterUITests.swift in Sources */ = {isa = PBXBuildFile; fileRef = D7C7860F2654BD2300428A40 /* dumbCounterUITests.swift */; };
/* End PBXBuildFile section */

/* Begin PBXContainerItemProxy section */
		D7C786012654BD2300428A40 /* PBXContainerItemProxy */ = {
			isa = PBXContainerItemProxy;
			containerPortal = D7C785E22654BD2200428A40 /* Project object */;
			proxyType = 1;
			remoteGlobalIDString = D7C785E92654BD2200428A40;
			remoteInfo = dumbCounter;
		};
		D7C7860C2654BD2300428A40 /* PBXContainerItemProxy */ = {
			isa = PBXContainerItemProxy;
			containerPortal = D7C785E22654BD2200428A40 /* Project object */;
			proxyType = 1;
			remoteGlobalIDString = D7C785E92654BD2200428A40;
			remoteInfo = dumbCounter;
		};
/* End PBXContainerItemProxy section */

/* Begin PBXFileReference section */
		D7C785EA2654BD2200428A40 /* dumbCounter.app */ = {isa = PBXFileReference; explicitFileType = wrapper.application; includeInIndex = 0; path = dumbCounter.app; sourceTree = BUILT_PRODUCTS_DIR; };
		D7C785ED2654BD2200428A40 /* AppDelegate.swift */ = {isa = PBXFileReference; lastKnownFileType = sourcecode.swift; path = AppDelegate.swift; sourceTree = "<group>"; };
		D7C785EF2654BD2200428A40 /* SceneDelegate.swift */ = {isa = PBXFileReference; lastKnownFileType = sourcecode.swift; path = SceneDelegate.swift; sourceTree = "<group>"; };
		D7C785F12654BD2200428A40 /* ViewController.swift */ = {isa = PBXFileReference; lastKnownFileType = sourcecode.swift; path = ViewController.swift; sourceTree = "<group>"; };
		D7C785F42654BD2200428A40 /* Base */ = {isa = PBXFileReference; lastKnownFileType = file.storyboard; name = Base; path = Base.lproj/Main.storyboard; sourceTree = "<group>"; };
		D7C785F62654BD2300428A40 /* Assets.xcassets */ = {isa = PBXFileReference; lastKnownFileType = folder.assetcatalog; path = Assets.xcassets; sourceTree = "<group>"; };
		D7C785F92654BD2300428A40 /* Base */ = {isa = PBXFileReference; lastKnownFileType = file.storyboard; name = Base; path = Base.lproj/LaunchScreen.storyboard; sourceTree = "<group>"; };
		D7C785FB2654BD2300428A40 /* Info.plist */ = {isa = PBXFileReference; lastKnownFileType = text.plist.xml; path = Info.plist; sourceTree = "<group>"; };
		D7C786002654BD2300428A40 /* dumbCounterTests.xctest */ = {isa = PBXFileReference; explicitFileType = wrapper.cfbundle; includeInIndex = 0; path = dumbCounterTests.xctest; sourceTree = BUILT_PRODUCTS_DIR; };
		D7C786042654BD2300428A40 /* dumbCounterTests.swift */ = {isa = PBXFileReference; lastKnownFileType = sourcecode.swift; path = dumbCounterTests.swift; sourceTree = "<group>"; };
		D7C786062654BD2300428A40 /* Info.plist */ = {isa = PBXFileReference; lastKnownFileType = text.plist.xml; path = Info.plist; sourceTree = "<group>"; };
		D7C7860B2654BD2300428A40 /* dumbCounterUITests.xctest */ = {isa = PBXFileReference; explicitFileType = wrapper.cfbundle; includeInIndex = 0; path = dumbCounterUITests.xctest; sourceTree = BUILT_PRODUCTS_DIR; };
		D7C7860F2654BD2300428A40 /* dumbCounterUITests.swift */ = {isa = PBXFileReference; lastKnownFileType = sourcecode.swift; path = dumbCounterUITests.swift; sourceTree = "<group>"; };
		D7C786112654BD2300428A40 /* Info.plist */ = {isa = PBXFileReference; lastKnownFileType = text.plist.xml; path = Info.plist; sourceTree = "<group>"; };
/* End PBXFileReference section */

/* Begin PBXFrameworksBuildPhase section */
		D7C785E72654BD2200428A40 /* Frameworks */ = {
			isa = PBXFrameworksBuildPhase;
			buildActionMask = 2147483647;
			files = (
			);
			runOnlyForDeploymentPostprocessing = 0;
		};
		D7C785FD2654BD2300428A40 /* Frameworks */ = {
			isa = PBXFrameworksBuildPhase;
			buildActionMask = 2147483647;
			files = (
			);
			runOnlyForDeploymentPostprocessing = 0;
		};
		D7C786082654BD2300428A40 /* Frameworks */ = {
			isa = PBXFrameworksBuildPhase;
			buildActionMask = 2147483647;
			files = (
			);
			runOnlyForDeploymentPostprocessing = 0;
		};
/* End PBXFrameworksBuildPhase section */

/* Begin PBXGroup section */
		D7C785E12654BD2200428A40 = {
			isa = PBXGroup;
			children = (
				D7C785EC2654BD2200428A40 /* dumbCounter */,
				D7C786032654BD2300428A40 /* dumbCounterTests */,
				D7C7860E2654BD2300428A40 /* dumbCounterUITests */,
				D7C785EB2654BD2200428A40 /* Products */,
			);
			sourceTree = "<group>";
		};
		D7C785EB2654BD2200428A40 /* Products */ = {
			isa = PBXGroup;
			children = (
				D7C785EA2654BD2200428A40 /* dumbCounter.app */,
				D7C786002654BD2300428A40 /* dumbCounterTests.xctest */,
				D7C7860B2654BD2300428A40 /* dumbCounterUITests.xctest */,
			);
			name = Products;
			sourceTree = "<group>";
		};
		D7C785EC2654BD2200428A40 /* dumbCounter */ = {
			isa = PBXGroup;
			children = (
				D7C785ED2654BD2200428A40 /* AppDelegate.swift */,
				D7C785EF2654BD2200428A40 /* SceneDelegate.swift */,
				D7C785F12654BD2200428A40 /* ViewController.swift */,
				D7C785F32654BD2200428A40 /* Main.storyboard */,
				D7C785F62654BD2300428A40 /* Assets.xcassets */,
				D7C785F82654BD2300428A40 /* LaunchScreen.storyboard */,
				D7C785FB2654BD2300428A40 /* Info.plist */,
			);
			path = dumbCounter;
			sourceTree = "<group>";
		};
		D7C786032654BD2300428A40 /* dumbCounterTests */ = {
			isa = PBXGroup;
			children = (
				D7C786042654BD2300428A40 /* dumbCounterTests.swift */,
				D7C786062654BD2300428A40 /* Info.plist */,
			);
			path = dumbCounterTests;
			sourceTree = "<group>";
		};
		D7C7860E2654BD2300428A40 /* dumbCounterUITests */ = {
			isa = PBXGroup;
			children = (
				D7C7860F2654BD2300428A40 /* dumbCounterUITests.swift */,
				D7C786112654BD2300428A40 /* Info.plist */,
			);
			path = dumbCounterUITests;
			sourceTree = "<group>";
		};
/* End PBXGroup section */

/* Begin PBXNativeTarget section */
		D7C785E92654BD2200428A40 /* dumbCounter */ = {
			isa = PBXNativeTarget;
			buildConfigurationList = D7C786142654BD2300428A40 /* Build configuration list for PBXNativeTarget "dumbCounter" */;
			buildPhases = (
				D7C785E62654BD2200428A40 /* Sources */,
				D7C785E72654BD2200428A40 /* Frameworks */,
				D7C785E82654BD2200428A40 /* Resources */,
			);
			buildRules = (
			);
			dependencies = (
			);
			name = dumbCounter;
			productName = dumbCounter;
			productReference = D7C785EA2654BD2200428A40 /* dumbCounter.app */;
			productType = "com.apple.product-type.application";
		};
		D7C785FF2654BD2300428A40 /* dumbCounterTests */ = {
			isa = PBXNativeTarget;
			buildConfigurationList = D7C786172654BD2300428A40 /* Build configuration list for PBXNativeTarget "dumbCounterTests" */;
			buildPhases = (
				D7C785FC2654BD2300428A40 /* Sources */,
				D7C785FD2654BD2300428A40 /* Frameworks */,
				D7C785FE2654BD2300428A40 /* Resources */,
			);
			buildRules = (
			);
			dependencies = (
				D7C786022654BD2300428A40 /* PBXTargetDependency */,
			);
			name = dumbCounterTests;
			productName = dumbCounterTests;
			productReference = D7C786002654BD2300428A40 /* dumbCounterTests.xctest */;
			productType = "com.apple.product-type.bundle.unit-test";
		};
		D7C7860A2654BD2300428A40 /* dumbCounterUITests */ = {
			isa = PBXNativeTarget;
			buildConfigurationList = D7C7861A2654BD2300428A40 /* Build configuration list for PBXNativeTarget "dumbCounterUITests" */;
			buildPhases = (
				D7C786072654BD2300428A40 /* Sources */,
				D7C786082654BD2300428A40 /* Frameworks */,
				D7C786092654BD2300428A40 /* Resources */,
			);
			buildRules = (
			);
			dependencies = (
				D7C7860D2654BD2300428A40 /* PBXTargetDependency */,
			);
			name = dumbCounterUITests;
			productName = dumbCounterUITests;
			productReference = D7C7860B2654BD2300428A40 /* dumbCounterUITests.xctest */;
			productType = "com.apple.product-type.bundle.ui-testing";
		};
/* End PBXNativeTarget section */

/* Begin PBXProject section */
		D7C785E22654BD2200428A40 /* Project object */ = {
			isa = PBXProject;
			attributes = {
				LastSwiftUpdateCheck = 1240;
				LastUpgradeCheck = 1240;
				TargetAttributes = {
					D7C785E92654BD2200428A40 = {
						CreatedOnToolsVersion = 12.4;
					};
					D7C785FF2654BD2300428A40 = {
						CreatedOnToolsVersion = 12.4;
						TestTargetID = D7C785E92654BD2200428A40;
					};
					D7C7860A2654BD2300428A40 = {
						CreatedOnToolsVersion = 12.4;
						TestTargetID = D7C785E92654BD2200428A40;
					};
				};
			};
			buildConfigurationList = D7C785E52654BD2200428A40 /* Build configuration list for PBXProject "dumbCounter" */;
			compatibilityVersion = "Xcode 9.3";
			developmentRegion = en;
			hasScannedForEncodings = 0;
			knownRegions = (
				en,
				Base,
			);
			mainGroup = D7C785E12654BD2200428A40;
			productRefGroup = D7C785EB2654BD2200428A40 /* Products */;
			projectDirPath = "";
			projectRoot = "";
			targets = (
				D7C785E92654BD2200428A40 /* dumbCounter */,
				D7C785FF2654BD2300428A40 /* dumbCounterTests */,
				D7C7860A2654BD2300428A40 /* dumbCounterUITests */,
			);
		};
/* End PBXProject section */

/* Begin PBXResourcesBuildPhase section */
		D7C785E82654BD2200428A40 /* Resources */ = {
			isa = PBXResourcesBuildPhase;
			buildActionMask = 2147483647;
			files = (
				D7C785FA2654BD2300428A40 /* LaunchScreen.storyboard in Resources */,
				D7C785F72654BD2300428A40 /* Assets.xcassets in Resources */,
				D7C785F52654BD2200428A40 /* Main.storyboard in Resources */,
			);
			runOnlyForDeploymentPostprocessing = 0;
		};
		D7C785FE2654BD2300428A40 /* Resources */ = {
			isa = PBXResourcesBuildPhase;
			buildActionMask = 2147483647;
			files = (
			);
			runOnlyForDeploymentPostprocessing = 0;
		};
		D7C786092654BD2300428A40 /* Resources */ = {
			isa = PBXResourcesBuildPhase;
			buildActionMask = 2147483647;
			files = (
			);
			runOnlyForDeploymentPostprocessing = 0;
		};
/* End PBXResourcesBuildPhase section */

/* Begin PBXSourcesBuildPhase section */
		D7C785E62654BD2200428A40 /* Sources */ = {
			isa = PBXSourcesBuildPhase;
			buildActionMask = 2147483647;
			files = (
				D7C785F22654BD2200428A40 /* ViewController.swift in Sources */,
				D7C785EE2654BD2200428A40 /* AppDelegate.swift in Sources */,
				D7C785F02654BD2200428A40 /* SceneDelegate.swift in Sources */,
			);
			runOnlyForDeploymentPostprocessing = 0;
		};
		D7C785FC2654BD2300428A40 /* Sources */ = {
			isa = PBXSourcesBuildPhase;
			buildActionMask = 2147483647;
			files = (
				D7C786052654BD2300428A40 /* dumbCounterTests.swift in Sources */,
			);
			runOnlyForDeploymentPostprocessing = 0;
		};
		D7C786072654BD2300428A40 /* Sources */ = {
			isa = PBXSourcesBuildPhase;
			buildActionMask = 2147483647;
			files = (
				D7C786102654BD2300428A40 /* dumbCounterUITests.swift in Sources */,
			);
			runOnlyForDeploymentPostprocessing = 0;
		};
/* End PBXSourcesBuildPhase section */

/* Begin PBXTargetDependency section */
		D7C786022654BD2300428A40 /* PBXTargetDependency */ = {
			isa = PBXTargetDependency;
			target = D7C785E92654BD2200428A40 /* dumbCounter */;
			targetProxy = D7C786012654BD2300428A40 /* PBXContainerItemProxy */;
		};
		D7C7860D2654BD2300428A40 /* PBXTargetDependency */ = {
			isa = PBXTargetDependency;
			target = D7C785E92654BD2200428A40 /* dumbCounter */;
			targetProxy = D7C7860C2654BD2300428A40 /* PBXContainerItemProxy */;
		};
/* End PBXTargetDependency section */

/* Begin PBXVariantGroup section */
		D7C785F32654BD2200428A40 /* Main.storyboard */ = {
			isa = PBXVariantGroup;
			children = (
				D7C785F42654BD2200428A40 /* Base */,
			);
			name = Main.storyboard;
			sourceTree = "<group>";
		};
		D7C785F82654BD2300428A40 /* LaunchScreen.storyboard */ = {
			isa = PBXVariantGroup;
			children = (
				D7C785F92654BD2300428A40 /* Base */,
			);
			name = LaunchScreen.storyboard;
			sourceTree = "<group>";
		};
/* End PBXVariantGroup section */

/* Begin XCBuildConfiguration section */
		D7C786122654BD2300428A40 /* Debug */ = {
			isa = XCBuildConfiguration;
			buildSettings = {
				ALWAYS_SEARCH_USER_PATHS = NO;
				CLANG_ANALYZER_NONNULL = YES;
				CLANG_ANALYZER_NUMBER_OBJECT_CONVERSION = YES_AGGRESSIVE;
				CLANG_CXX_LANGUAGE_STANDARD = "gnu++14";
				CLANG_CXX_LIBRARY = "libc++";
				CLANG_ENABLE_MODULES = YES;
				CLANG_ENABLE_OBJC_ARC = YES;
				CLANG_ENABLE_OBJC_WEAK = YES;
				CLANG_WARN_BLOCK_CAPTURE_AUTORELEASING = YES;
				CLANG_WARN_BOOL_CONVERSION = YES;
				CLANG_WARN_COMMA = YES;
				CLANG_WARN_CONSTANT_CONVERSION = YES;
				CLANG_WARN_DEPRECATED_OBJC_IMPLEMENTATIONS = YES;
				CLANG_WARN_DIRECT_OBJC_ISA_USAGE = YES_ERROR;
				CLANG_WARN_DOCUMENTATION_COMMENTS = YES;
				CLANG_WARN_EMPTY_BODY = YES;
				CLANG_WARN_ENUM_CONVERSION = YES;
				CLANG_WARN_INFINITE_RECURSION = YES;
				CLANG_WARN_INT_CONVERSION = YES;
				CLANG_WARN_NON_LITERAL_NULL_CONVERSION = YES;
				CLANG_WARN_OBJC_IMPLICIT_RETAIN_SELF = YES;
				CLANG_WARN_OBJC_LITERAL_CONVERSION = YES;
				CLANG_WARN_OBJC_ROOT_CLASS = YES_ERROR;
				CLANG_WARN_QUOTED_INCLUDE_IN_FRAMEWORK_HEADER = YES;
				CLANG_WARN_RANGE_LOOP_ANALYSIS = YES;
				CLANG_WARN_STRICT_PROTOTYPES = YES;
				CLANG_WARN_SUSPICIOUS_MOVE = YES;
				CLANG_WARN_UNGUARDED_AVAILABILITY = YES_AGGRESSIVE;
				CLANG_WARN_UNREACHABLE_CODE = YES;
				CLANG_WARN__DUPLICATE_METHOD_MATCH = YES;
				COPY_PHASE_STRIP = NO;
				DEBUG_INFORMATION_FORMAT = dwarf;
				ENABLE_STRICT_OBJC_MSGSEND = YES;
				ENABLE_TESTABILITY = YES;
				GCC_C_LANGUAGE_STANDARD = gnu11;
				GCC_DYNAMIC_NO_PIC = NO;
				GCC_NO_COMMON_BLOCKS = YES;
				GCC_OPTIMIZATION_LEVEL = 0;
				GCC_PREPROCESSOR_DEFINITIONS = (
					"DEBUG=1",
					"$(inherited)",
				);
				GCC_WARN_64_TO_32_BIT_CONVERSION = YES;
				GCC_WARN_ABOUT_RETURN_TYPE = YES_ERROR;
				GCC_WARN_UNDECLARED_SELECTOR = YES;
				GCC_WARN_UNINITIALIZED_AUTOS = YES_AGGRESSIVE;
				GCC_WARN_UNUSED_FUNCTION = YES;
				GCC_WARN_UNUSED_VARIABLE = YES;
				IPHONEOS_DEPLOYMENT_TARGET = 14.4;
				MTL_ENABLE_DEBUG_INFO = INCLUDE_SOURCE;
				MTL_FAST_MATH = YES;
				ONLY_ACTIVE_ARCH = YES;
				SDKROOT = iphoneos;
				SWIFT_ACTIVE_COMPILATION_CONDITIONS = DEBUG;
				SWIFT_OPTIMIZATION_LEVEL = "-Onone";
			};
			name = Debug;
		};
		D7C786132654BD2300428A40 /* Release */ = {
			isa = XCBuildConfiguration;
			buildSettings = {
				ALWAYS_SEARCH_USER_PATHS = NO;
				CLANG_ANALYZER_NONNULL = YES;
				CLANG_ANALYZER_NUMBER_OBJECT_CONVERSION = YES_AGGRESSIVE;
				CLANG_CXX_LANGUAGE_STANDARD = "gnu++14";
				CLANG_CXX_LIBRARY = "libc++";
				CLANG_ENABLE_MODULES = YES;
				CLANG_ENABLE_OBJC_ARC = YES;
				CLANG_ENABLE_OBJC_WEAK = YES;
				CLANG_WARN_BLOCK_CAPTURE_AUTORELEASING = YES;
				CLANG_WARN_BOOL_CONVERSION = YES;
				CLANG_WARN_COMMA = YES;
				CLANG_WARN_CONSTANT_CONVERSION = YES;
				CLANG_WARN_DEPRECATED_OBJC_IMPLEMENTATIONS = YES;
				CLANG_WARN_DIRECT_OBJC_ISA_USAGE = YES_ERROR;
				CLANG_WARN_DOCUMENTATION_COMMENTS = YES;
				CLANG_WARN_EMPTY_BODY = YES;
				CLANG_WARN_ENUM_CONVERSION = YES;
				CLANG_WARN_INFINITE_RECURSION = YES;
				CLANG_WARN_INT_CONVERSION = YES;
				CLANG_WARN_NON_LITERAL_NULL_CONVERSION = YES;
				CLANG_WARN_OBJC_IMPLICIT_RETAIN_SELF = YES;
				CLANG_WARN_OBJC_LITERAL_CONVERSION = YES;
				CLANG_WARN_OBJC_ROOT_CLASS = YES_ERROR;
				CLANG_WARN_QUOTED_INCLUDE_IN_FRAMEWORK_HEADER = YES;
				CLANG_WARN_RANGE_LOOP_ANALYSIS = YES;
				CLANG_WARN_STRICT_PROTOTYPES = YES;
				CLANG_WARN_SUSPICIOUS_MOVE = YES;
				CLANG_WARN_UNGUARDED_AVAILABILITY = YES_AGGRESSIVE;
				CLANG_WARN_UNREACHABLE_CODE = YES;
				CLANG_WARN__DUPLICATE_METHOD_MATCH = YES;
				COPY_PHASE_STRIP = NO;
				DEBUG_INFORMATION_FORMAT = "dwarf-with-dsym";
				ENABLE_NS_ASSERTIONS = NO;
				ENABLE_STRICT_OBJC_MSGSEND = YES;
				GCC_C_LANGUAGE_STANDARD = gnu11;
				GCC_NO_COMMON_BLOCKS = YES;
				GCC_WARN_64_TO_32_BIT_CONVERSION = YES;
				GCC_WARN_ABOUT_RETURN_TYPE = YES_ERROR;
				GCC_WARN_UNDECLARED_SELECTOR = YES;
				GCC_WARN_UNINITIALIZED_AUTOS = YES_AGGRESSIVE;
				GCC_WARN_UNUSED_FUNCTION = YES;
				GCC_WARN_UNUSED_VARIABLE = YES;
				IPHONEOS_DEPLOYMENT_TARGET = 14.4;
				MTL_ENABLE_DEBUG_INFO = NO;
				MTL_FAST_MATH = YES;
				SDKROOT = iphoneos;
				SWIFT_COMPILATION_MODE = wholemodule;
				SWIFT_OPTIMIZATION_LEVEL = "-O";
				VALIDATE_PRODUCT = YES;
			};
			name = Release;
		};
		D7C786152654BD2300428A40 /* Debug */ = {
			isa = XCBuildConfiguration;
			buildSettings = {
				ASSETCATALOG_COMPILER_APPICON_NAME = AppIcon;
				ASSETCATALOG_COMPILER_GLOBAL_ACCENT_COLOR_NAME = AccentColor;
				CODE_SIGN_STYLE = Automatic;
				DEVELOPMENT_TEAM = 2NNCB58FYU;
				INFOPLIST_FILE = dumbCounter/Info.plist;
				LD_RUNPATH_SEARCH_PATHS = (
					"$(inherited)",
					"@executable_path/Frameworks",
				);
				PRODUCT_BUNDLE_IDENTIFIER = com.jdn.dumbCounter;
				PRODUCT_NAME = "$(TARGET_NAME)";
				SWIFT_VERSION = 5.0;
				TARGETED_DEVICE_FAMILY = "1,2";
			};
			name = Debug;
		};
		D7C786162654BD2300428A40 /* Release */ = {
			isa = XCBuildConfiguration;
			buildSettings = {
				ASSETCATALOG_COMPILER_APPICON_NAME = AppIcon;
				ASSETCATALOG_COMPILER_GLOBAL_ACCENT_COLOR_NAME = AccentColor;
				CODE_SIGN_STYLE = Automatic;
				DEVELOPMENT_TEAM = 2NNCB58FYU;
				INFOPLIST_FILE = dumbCounter/Info.plist;
				LD_RUNPATH_SEARCH_PATHS = (
					"$(inherited)",
					"@executable_path/Frameworks",
				);
				PRODUCT_BUNDLE_IDENTIFIER = com.jdn.dumbCounter;
				PRODUCT_NAME = "$(TARGET_NAME)";
				SWIFT_VERSION = 5.0;
				TARGETED_DEVICE_FAMILY = "1,2";
			};
			name = Release;
		};
		D7C786182654BD2300428A40 /* Debug */ = {
			isa = XCBuildConfiguration;
			buildSettings = {
				ALWAYS_EMBED_SWIFT_STANDARD_LIBRARIES = YES;
				BUNDLE_LOADER = "$(TEST_HOST)";
				CODE_SIGN_STYLE = Automatic;
				DEVELOPMENT_TEAM = 2NNCB58FYU;
				INFOPLIST_FILE = dumbCounterTests/Info.plist;
				IPHONEOS_DEPLOYMENT_TARGET = 14.4;
				LD_RUNPATH_SEARCH_PATHS = (
					"$(inherited)",
					"@executable_path/Frameworks",
					"@loader_path/Frameworks",
				);
				PRODUCT_BUNDLE_IDENTIFIER = com.jdn.dumbCounterTests;
				PRODUCT_NAME = "$(TARGET_NAME)";
				SWIFT_VERSION = 5.0;
				TARGETED_DEVICE_FAMILY = "1,2";
				TEST_HOST = "$(BUILT_PRODUCTS_DIR)/dumbCounter.app/dumbCounter";
			};
			name = Debug;
		};
		D7C786192654BD2300428A40 /* Release */ = {
			isa = XCBuildConfiguration;
			buildSettings = {
				ALWAYS_EMBED_SWIFT_STANDARD_LIBRARIES = YES;
				BUNDLE_LOADER = "$(TEST_HOST)";
				CODE_SIGN_STYLE = Automatic;
				DEVELOPMENT_TEAM = 2NNCB58FYU;
				INFOPLIST_FILE = dumbCounterTests/Info.plist;
				IPHONEOS_DEPLOYMENT_TARGET = 14.4;
				LD_RUNPATH_SEARCH_PATHS = (
					"$(inherited)",
					"@executable_path/Frameworks",
					"@loader_path/Frameworks",
				);
				PRODUCT_BUNDLE_IDENTIFIER = com.jdn.dumbCounterTests;
				PRODUCT_NAME = "$(TARGET_NAME)";
				SWIFT_VERSION = 5.0;
				TARGETED_DEVICE_FAMILY = "1,2";
				TEST_HOST = "$(BUILT_PRODUCTS_DIR)/dumbCounter.app/dumbCounter";
			};
			name = Release;
		};
		D7C7861B2654BD2300428A40 /* Debug */ = {
			isa = XCBuildConfiguration;
			buildSettings = {
				ALWAYS_EMBED_SWIFT_STANDARD_LIBRARIES = YES;
				CODE_SIGN_STYLE = Automatic;
				DEVELOPMENT_TEAM = 2NNCB58FYU;
				INFOPLIST_FILE = dumbCounterUITests/Info.plist;
				LD_RUNPATH_SEARCH_PATHS = (
					"$(inherited)",
					"@executable_path/Frameworks",
					"@loader_path/Frameworks",
				);
				PRODUCT_BUNDLE_IDENTIFIER = com.jdn.dumbCounterUITests;
				PRODUCT_NAME = "$(TARGET_NAME)";
				SWIFT_VERSION = 5.0;
				TARGETED_DEVICE_FAMILY = "1,2";
				TEST_TARGET_NAME = dumbCounter;
			};
			name = Debug;
		};
		D7C7861C2654BD2300428A40 /* Release */ = {
			isa = XCBuildConfiguration;
			buildSettings = {
				ALWAYS_EMBED_SWIFT_STANDARD_LIBRARIES = YES;
				CODE_SIGN_STYLE = Automatic;
				DEVELOPMENT_TEAM = 2NNCB58FYU;
				INFOPLIST_FILE = dumbCounterUITests/Info.plist;
				LD_RUNPATH_SEARCH_PATHS = (
					"$(inherited)",
					"@executable_path/Frameworks",
					"@loader_path/Frameworks",
				);
				PRODUCT_BUNDLE_IDENTIFIER = com.jdn.dumbCounterUITests;
				PRODUCT_NAME = "$(TARGET_NAME)";
				SWIFT_VERSION = 5.0;
				TARGETED_DEVICE_FAMILY = "1,2";
				TEST_TARGET_NAME = dumbCounter;
			};
			name = Release;
		};
/* End XCBuildConfiguration section */

/* Begin XCConfigurationList section */
		D7C785E52654BD2200428A40 /* Build configuration list for PBXProject "dumbCounter" */ = {
			isa = XCConfigurationList;
			buildConfigurations = (
				D7C786122654BD2300428A40 /* Debug */,
				D7C786132654BD2300428A40 /* Release */,
			);
			defaultConfigurationIsVisible = 0;
			defaultConfigurationName = Release;
		};
		D7C786142654BD2300428A40 /* Build configuration list for PBXNativeTarget "dumbCounter" */ = {
			isa = XCConfigurationList;
			buildConfigurations = (
				D7C786152654BD2300428A40 /* Debug */,
				D7C786162654BD2300428A40 /* Release */,
			);
			defaultConfigurationIsVisible = 0;
			defaultConfigurationName = Release;
		};
		D7C786172654BD2300428A40 /* Build configuration list for PBXNativeTarget "dumbCounterTests" */ = {
			isa = XCConfigurationList;
			buildConfigurations = (
				D7C786182654BD2300428A40 /* Debug */,
				D7C786192654BD2300428A40 /* Release */,
			);
			defaultConfigurationIsVisible = 0;
			defaultConfigurationName = Release;
		};
		D7C7861A2654BD2300428A40 /* Build configuration list for PBXNativeTarget "dumbCounterUITests" */ = {
			isa = XCConfigurationList;
			buildConfigurations = (
				D7C7861B2654BD2300428A40 /* Debug */,
				D7C7861C2654BD2300428A40 /* Release */,
			);
			defaultConfigurationIsVisible = 0;
			defaultConfigurationName = Release;
		};
/* End XCConfigurationList section */
	};
	rootObject = D7C785E22654BD2200428A40 /* Project object */;
}
